
Microsoft Visual Studio Solution File, Format Version 12.00
# Visual Studio Version 16
VisualStudioVersion = 16.0.29215.179
MinimumVisualStudioVersion = 10.0.40219.1
Project("{9A19103F-16F7-4668-BE54-9A1E7A4F7556}") = "ProcessDelivery.Tests", "ProcessDelivery.Tests\ProcessDelivery.Tests.csproj", "{6DB16415-5A52-456C-96B2-B7F84153C48D}"
EndProject
Project("{FAE04EC0-301F-11D3-BF4B-00C04F79EFBC}") = "ProcessDelivery", "ProcessDelivery\ProcessDelivery.csproj", "{CAFDCC3B-87FF-4F3A-A122-F7BBB0955356}"
EndProject
Global
	GlobalSection(SolutionConfigurationPlatforms) = preSolution
		Debug|Any CPU = Debug|Any CPU
		Release|Any CPU = Release|Any CPU
	EndGlobalSection
	GlobalSection(ProjectConfigurationPlatforms) = postSolution
		{6DB16415-5A52-456C-96B2-B7F84153C48D}.Debug|Any CPU.ActiveCfg = Debug|Any CPU
		{6DB16415-5A52-456C-96B2-B7F84153C48D}.Debug|Any CPU.Build.0 = Debug|Any CPU
		{6DB16415-5A52-456C-96B2-B7F84153C48D}.Release|Any CPU.ActiveCfg = Release|Any CPU
		{6DB16415-5A52-456C-96B2-B7F84153C48D}.Release|Any CPU.Build.0 = Release|Any CPU
		{CAFDCC3B-87FF-4F3A-A122-F7BBB0955356}.Debug|Any CPU.ActiveCfg = Debug|Any CPU
		{CAFDCC3B-87FF-4F3A-A122-F7BBB0955356}.Debug|Any CPU.Build.0 = Debug|Any CPU
		{CAFDCC3B-87FF-4F3A-A122-F7BBB0955356}.Release|Any CPU.ActiveCfg = Release|Any CPU
		{CAFDCC3B-87FF-4F3A-A122-F7BBB0955356}.Release|Any CPU.Build.0 = Release|Any CPU
	EndGlobalSection
	GlobalSection(SolutionProperties) = preSolution
		HideSolutionNode = FALSE
	EndGlobalSection
	GlobalSection(ExtensibilityGlobals) = postSolution
		SolutionGuid = {7FC87AB4-43A7-49DA-98CD-3F177F50DFDF}
	EndGlobalSection
EndGlobal
